
Microsoft Visual Studio Solution File, Format Version 12.00
# Visual Studio Version 17
VisualStudioVersion = 17.11.35312.102
MinimumVisualStudioVersion = 10.0.40219.1
Project("{8BC9CEB8-8B4A-11D0-8D11-00A0C91BC942}") = "FacturaE", "FacturaE.vcxproj", "{D8782BD5-5045-4AA5-A003-AE6936FDC5C3}"
EndProject
Project("{8BC9CEB8-8B4A-11D0-8D11-00A0C91BC942}") = "test", "test\test.vcxproj", "{F76B63B8-B050-46D9-902E-A7D079D6BF75}"
EndProject
Global
	GlobalSection(SolutionConfigurationPlatforms) = preSolution
		Debug|x64 = Debug|x64
		Debug|x86 = Debug|x86
		Release|x64 = Release|x64
		Release|x86 = Release|x86
	EndGlobalSection
	GlobalSection(ProjectConfigurationPlatforms) = postSolution
		{D8782BD5-5045-4AA5-A003-AE6936FDC5C3}.Debug|x64.ActiveCfg = Debug|x64
		{D8782BD5-5045-4AA5-A003-AE6936FDC5C3}.Debug|x64.Build.0 = Debug|x64
		{D8782BD5-5045-4AA5-A003-AE6936FDC5C3}.Debug|x86.ActiveCfg = Debug|Win32
		{D8782BD5-5045-4AA5-A003-AE6936FDC5C3}.Debug|x86.Build.0 = Debug|Win32
		{D8782BD5-5045-4AA5-A003-AE6936FDC5C3}.Release|x64.ActiveCfg = Release|x64
		{D8782BD5-5045-4AA5-A003-AE6936FDC5C3}.Release|x64.Build.0 = Release|x64
		{D8782BD5-5045-4AA5-A003-AE6936FDC5C3}.Release|x86.ActiveCfg = Release|Win32
		{D8782BD5-5045-4AA5-A003-AE6936FDC5C3}.Release|x86.Build.0 = Release|Win32
		{F76B63B8-B050-46D9-902E-A7D079D6BF75}.Debug|x64.ActiveCfg = Debug|x64
		{F76B63B8-B050-46D9-902E-A7D079D6BF75}.Debug|x64.Build.0 = Debug|x64
		{F76B63B8-B050-46D9-902E-A7D079D6BF75}.Debug|x86.ActiveCfg = Debug|Win32
		{F76B63B8-B050-46D9-902E-A7D079D6BF75}.Debug|x86.Build.0 = Debug|Win32
		{F76B63B8-B050-46D9-902E-A7D079D6BF75}.Release|x64.ActiveCfg = Release|x64
		{F76B63B8-B050-46D9-902E-A7D079D6BF75}.Release|x64.Build.0 = Release|x64
		{F76B63B8-B050-46D9-902E-A7D079D6BF75}.Release|x86.ActiveCfg = Release|Win32
		{F76B63B8-B050-46D9-902E-A7D079D6BF75}.Release|x86.Build.0 = Release|Win32
	EndGlobalSection
	GlobalSection(SolutionProperties) = preSolution
		HideSolutionNode = FALSE
	EndGlobalSection
	GlobalSection(ExtensibilityGlobals) = postSolution
		SolutionGuid = {D9D24949-D403-4D2F-B579-213807F818C4}
	EndGlobalSection
EndGlobal
